// !$*UTF8*$!
{
	archiveVersion = 1;
	classes = {
	};
	objectVersion = 77;
	objects = {

/* Begin PBXContainerItemProxy section */
		E639D2632E55EEC000F7E003 /* PBXContainerItemProxy */ = {
			isa = PBXContainerItemProxy;
			containerPortal = E639D24D2E55EEC000F7E003 /* Project object */;
			proxyType = 1;
			remoteGlobalIDString = E639D2542E55EEC000F7E003;
			remoteInfo = Buttons;
		};
		E639D26D2E55EEC000F7E003 /* PBXContainerItemProxy */ = {
			isa = PBXContainerItemProxy;
			containerPortal = E639D24D2E55EEC000F7E003 /* Project object */;
			proxyType = 1;
			remoteGlobalIDString = E639D2542E55EEC000F7E003;
			remoteInfo = Buttons;
		};
/* End PBXContainerItemProxy section */

/* Begin PBXFileReference section */
		E639D2552E55EEC000F7E003 /* Buttons.app */ = {isa = PBXFileReference; explicitFileType = wrapper.application; includeInIndex = 0; path = Buttons.app; sourceTree = BUILT_PRODUCTS_DIR; };
		E639D2622E55EEC000F7E003 /* ButtonsTests.xctest */ = {isa = PBXFileReference; explicitFileType = wrapper.cfbundle; includeInIndex = 0; path = ButtonsTests.xctest; sourceTree = BUILT_PRODUCTS_DIR; };
		E639D26C2E55EEC000F7E003 /* ButtonsUITests.xctest */ = {isa = PBXFileReference; explicitFileType = wrapper.cfbundle; includeInIndex = 0; path = ButtonsUITests.xctest; sourceTree = BUILT_PRODUCTS_DIR; };
/* End PBXFileReference section */

/* Begin PBXFileSystemSynchronizedRootGroup section */
		E639D2572E55EEC000F7E003 /* Buttons */ = {
			isa = PBXFileSystemSynchronizedRootGroup;
			path = Buttons;
			sourceTree = "<group>";
		};
		E639D2652E55EEC000F7E003 /* ButtonsTests */ = {
			isa = PBXFileSystemSynchronizedRootGroup;
			path = ButtonsTests;
			sourceTree = "<group>";
		};
		E639D26F2E55EEC000F7E003 /* ButtonsUITests */ = {
			isa = PBXFileSystemSynchronizedRootGroup;
			path = ButtonsUITests;
			sourceTree = "<group>";
		};
/* End PBXFileSystemSynchronizedRootGroup section */

/* Begin PBXFrameworksBuildPhase section */
		E639D2522E55EEC000F7E003 /* Frameworks */ = {
			isa = PBXFrameworksBuildPhase;
			buildActionMask = 2147483647;
			files = (
			);
			runOnlyForDeploymentPostprocessing = 0;
		};
		E639D25F2E55EEC000F7E003 /* Frameworks */ = {
			isa = PBXFrameworksBuildPhase;
			buildActionMask = 2147483647;
			files = (
			);
			runOnlyForDeploymentPostprocessing = 0;
		};
		E639D2692E55EEC000F7E003 /* Frameworks */ = {
			isa = PBXFrameworksBuildPhase;
			buildActionMask = 2147483647;
			files = (
			);
			runOnlyForDeploymentPostprocessing = 0;
		};
/* End PBXFrameworksBuildPhase section */

/* Begin PBXGroup section */
		E639D24C2E55EEC000F7E003 = {
			isa = PBXGroup;
			children = (
				E639D2572E55EEC000F7E003 /* Buttons */,
				E639D2652E55EEC000F7E003 /* ButtonsTests */,
				E639D26F2E55EEC000F7E003 /* ButtonsUITests */,
				E639D2562E55EEC000F7E003 /* Products */,
			);
			sourceTree = "<group>";
		};
		E639D2562E55EEC000F7E003 /* Products */ = {
			isa = PBXGroup;
			children = (
				E639D2552E55EEC000F7E003 /* Buttons.app */,
				E639D2622E55EEC000F7E003 /* ButtonsTests.xctest */,
				E639D26C2E55EEC000F7E003 /* ButtonsUITests.xctest */,
			);
			name = Products;
			sourceTree = "<group>";
		};
/* End PBXGroup section */

/* Begin PBXNativeTarget section */
		E639D2542E55EEC000F7E003 /* Buttons */ = {
			isa = PBXNativeTarget;
			buildConfigurationList = E639D2762E55EEC000F7E003 /* Build configuration list for PBXNativeTarget "Buttons" */;
			buildPhases = (
				E639D2512E55EEC000F7E003 /* Sources */,
				E639D2522E55EEC000F7E003 /* Frameworks */,
				E639D2532E55EEC000F7E003 /* Resources */,
			);
			buildRules = (
			);
			dependencies = (
			);
			fileSystemSynchronizedGroups = (
				E639D2572E55EEC000F7E003 /* Buttons */,
			);
			name = Buttons;
			packageProductDependencies = (
			);
			productName = Buttons;
			productReference = E639D2552E55EEC000F7E003 /* Buttons.app */;
			productType = "com.apple.product-type.application";
		};
		E639D2612E55EEC000F7E003 /* ButtonsTests */ = {
			isa = PBXNativeTarget;
			buildConfigurationList = E639D2792E55EEC000F7E003 /* Build configuration list for PBXNativeTarget "ButtonsTests" */;
			buildPhases = (
				E639D25E2E55EEC000F7E003 /* Sources */,
				E639D25F2E55EEC000F7E003 /* Frameworks */,
				E639D2602E55EEC000F7E003 /* Resources */,
			);
			buildRules = (
			);
			dependencies = (
				E639D2642E55EEC000F7E003 /* PBXTargetDependency */,
			);
			fileSystemSynchronizedGroups = (
				E639D2652E55EEC000F7E003 /* ButtonsTests */,
			);
			name = ButtonsTests;
			packageProductDependencies = (
			);
			productName = ButtonsTests;
			productReference = E639D2622E55EEC000F7E003 /* ButtonsTests.xctest */;
			productType = "com.apple.product-type.bundle.unit-test";
		};
		E639D26B2E55EEC000F7E003 /* ButtonsUITests */ = {
			isa = PBXNativeTarget;
			buildConfigurationList = E639D27C2E55EEC000F7E003 /* Build configuration list for PBXNativeTarget "ButtonsUITests" */;
			buildPhases = (
				E639D2682E55EEC000F7E003 /* Sources */,
				E639D2692E55EEC000F7E003 /* Frameworks */,
				E639D26A2E55EEC000F7E003 /* Resources */,
			);
			buildRules = (
			);
			dependencies = (
				E639D26E2E55EEC000F7E003 /* PBXTargetDependency */,
			);
			fileSystemSynchronizedGroups = (
				E639D26F2E55EEC000F7E003 /* ButtonsUITests */,
			);
			name = ButtonsUITests;
			packageProductDependencies = (
			);
			productName = ButtonsUITests;
			productReference = E639D26C2E55EEC000F7E003 /* ButtonsUITests.xctest */;
			productType = "com.apple.product-type.bundle.ui-testing";
		};
/* End PBXNativeTarget section */

/* Begin PBXProject section */
		E639D24D2E55EEC000F7E003 /* Project object */ = {
			isa = PBXProject;
			attributes = {
				BuildIndependentTargetsInParallel = 1;
				LastSwiftUpdateCheck = 1640;
				LastUpgradeCheck = 1640;
				TargetAttributes = {
					E639D2542E55EEC000F7E003 = {
						CreatedOnToolsVersion = 16.4;
					};
					E639D2612E55EEC000F7E003 = {
						CreatedOnToolsVersion = 16.4;
						TestTargetID = E639D2542E55EEC000F7E003;
					};
					E639D26B2E55EEC000F7E003 = {
						CreatedOnToolsVersion = 16.4;
						TestTargetID = E639D2542E55EEC000F7E003;
					};
				};
			};
			buildConfigurationList = E639D2502E55EEC000F7E003 /* Build configuration list for PBXProject "Buttons" */;
			developmentRegion = en;
			hasScannedForEncodings = 0;
			knownRegions = (
				en,
				Base,
			);
			mainGroup = E639D24C2E55EEC000F7E003;
			minimizedProjectReferenceProxies = 1;
			preferredProjectObjectVersion = 77;
			productRefGroup = E639D2562E55EEC000F7E003 /* Products */;
			projectDirPath = "";
			projectRoot = "";
			targets = (
				E639D2542E55EEC000F7E003 /* Buttons */,
				E639D2612E55EEC000F7E003 /* ButtonsTests */,
				E639D26B2E55EEC000F7E003 /* ButtonsUITests */,
			);
		};
/* End PBXProject section */

/* Begin PBXResourcesBuildPhase section */
		E639D2532E55EEC000F7E003 /* Resources */ = {
			isa = PBXResourcesBuildPhase;
			buildActionMask = 2147483647;
			files = (
			);
			runOnlyForDeploymentPostprocessing = 0;
		};
		E639D2602E55EEC000F7E003 /* Resources */ = {
			isa = PBXResourcesBuildPhase;
			buildActionMask = 2147483647;
			files = (
			);
			runOnlyForDeploymentPostprocessing = 0;
		};
		E639D26A2E55EEC000F7E003 /* Resources */ = {
			isa = PBXResourcesBuildPhase;
			buildActionMask = 2147483647;
			files = (
			);
			runOnlyForDeploymentPostprocessing = 0;
		};
/* End PBXResourcesBuildPhase section */

/* Begin PBXSourcesBuildPhase section */
		E639D2512E55EEC000F7E003 /* Sources */ = {
			isa = PBXSourcesBuildPhase;
			buildActionMask = 2147483647;
			files = (
			);
			runOnlyForDeploymentPostprocessing = 0;
		};
		E639D25E2E55EEC000F7E003 /* Sources */ = {
			isa = PBXSourcesBuildPhase;
			buildActionMask = 2147483647;
			files = (
			);
			runOnlyForDeploymentPostprocessing = 0;
		};
		E639D2682E55EEC000F7E003 /* Sources */ = {
			isa = PBXSourcesBuildPhase;
			buildActionMask = 2147483647;
			files = (
			);
			runOnlyForDeploymentPostprocessing = 0;
		};
/* End PBXSourcesBuildPhase section */

/* Begin PBXTargetDependency section */
		E639D2642E55EEC000F7E003 /* PBXTargetDependency */ = {
			isa = PBXTargetDependency;
			target = E639D2542E55EEC000F7E003 /* Buttons */;
			targetProxy = E639D2632E55EEC000F7E003 /* PBXContainerItemProxy */;
		};
		E639D26E2E55EEC000F7E003 /* PBXTargetDependency */ = {
			isa = PBXTargetDependency;
			target = E639D2542E55EEC000F7E003 /* Buttons */;
			targetProxy = E639D26D2E55EEC000F7E003 /* PBXContainerItemProxy */;
		};
/* End PBXTargetDependency section */

/* Begin XCBuildConfiguration section */
		E639D2742E55EEC000F7E003 /* Debug */ = {
			isa = XCBuildConfiguration;
			buildSettings = {
				ALWAYS_SEARCH_USER_PATHS = NO;
				ASSETCATALOG_COMPILER_GENERATE_SWIFT_ASSET_SYMBOL_EXTENSIONS = YES;
				CLANG_ANALYZER_NONNULL = YES;
				CLANG_ANALYZER_NUMBER_OBJECT_CONVERSION = YES_AGGRESSIVE;
				CLANG_CXX_LANGUAGE_STANDARD = "gnu++20";
				CLANG_ENABLE_MODULES = YES;
				CLANG_ENABLE_OBJC_ARC = YES;
				CLANG_ENABLE_OBJC_WEAK = YES;
				CLANG_WARN_BLOCK_CAPTURE_AUTORELEASING = YES;
				CLANG_WARN_BOOL_CONVERSION = YES;
				CLANG_WARN_COMMA = YES;
				CLANG_WARN_CONSTANT_CONVERSION = YES;
				CLANG_WARN_DEPRECATED_OBJC_IMPLEMENTATIONS = YES;
				CLANG_WARN_DIRECT_OBJC_ISA_USAGE = YES_ERROR;
				CLANG_WARN_DOCUMENTATION_COMMENTS = YES;
				CLANG_WARN_EMPTY_BODY = YES;
				CLANG_WARN_ENUM_CONVERSION = YES;
				CLANG_WARN_INFINITE_RECURSION = YES;
				CLANG_WARN_INT_CONVERSION = YES;
				CLANG_WARN_NON_LITERAL_NULL_CONVERSION = YES;
				CLANG_WARN_OBJC_IMPLICIT_RETAIN_SELF = YES;
				CLANG_WARN_OBJC_LITERAL_CONVERSION = YES;
				CLANG_WARN_OBJC_ROOT_CLASS = YES_ERROR;
				CLANG_WARN_QUOTED_INCLUDE_IN_FRAMEWORK_HEADER = YES;
				CLANG_WARN_RANGE_LOOP_ANALYSIS = YES;
				CLANG_WARN_STRICT_PROTOTYPES = YES;
				CLANG_WARN_SUSPICIOUS_MOVE = YES;
				CLANG_WARN_UNGUARDED_AVAILABILITY = YES_AGGRESSIVE;
				CLANG_WARN_UNREACHABLE_CODE = YES;
				CLANG_WARN__DUPLICATE_METHOD_MATCH = YES;
				COPY_PHASE_STRIP = NO;
				DEBUG_INFORMATION_FORMAT = dwarf;
				DEVELOPMENT_TEAM = RYU9PYL8AK;
				ENABLE_STRICT_OBJC_MSGSEND = YES;
				ENABLE_TESTABILITY = YES;
				ENABLE_USER_SCRIPT_SANDBOXING = YES;
				GCC_C_LANGUAGE_STANDARD = gnu17;
				GCC_DYNAMIC_NO_PIC = NO;
				GCC_NO_COMMON_BLOCKS = YES;
				GCC_OPTIMIZATION_LEVEL = 0;
				GCC_PREPROCESSOR_DEFINITIONS = (
					"DEBUG=1",
					"$(inherited)",
				);
				GCC_WARN_64_TO_32_BIT_CONVERSION = YES;
				GCC_WARN_ABOUT_RETURN_TYPE = YES_ERROR;
				GCC_WARN_UNDECLARED_SELECTOR = YES;
				GCC_WARN_UNINITIALIZED_AUTOS = YES_AGGRESSIVE;
				GCC_WARN_UNUSED_FUNCTION = YES;
				GCC_WARN_UNUSED_VARIABLE = YES;
				IPHONEOS_DEPLOYMENT_TARGET = 18.5;
				LOCALIZATION_PREFERS_STRING_CATALOGS = YES;
				MTL_ENABLE_DEBUG_INFO = INCLUDE_SOURCE;
				MTL_FAST_MATH = YES;
				ONLY_ACTIVE_ARCH = YES;
				SDKROOT = iphoneos;
				SWIFT_ACTIVE_COMPILATION_CONDITIONS = "DEBUG $(inherited)";
				SWIFT_OPTIMIZATION_LEVEL = "-Onone";
			};
			name = Debug;
		};
		E639D2752E55EEC000F7E003 /* Release */ = {
			isa = XCBuildConfiguration;
			buildSettings = {
				ALWAYS_SEARCH_USER_PATHS = NO;
				ASSETCATALOG_COMPILER_GENERATE_SWIFT_ASSET_SYMBOL_EXTENSIONS = YES;
				CLANG_ANALYZER_NONNULL = YES;
				CLANG_ANALYZER_NUMBER_OBJECT_CONVERSION = YES_AGGRESSIVE;
				CLANG_CXX_LANGUAGE_STANDARD = "gnu++20";
				CLANG_ENABLE_MODULES = YES;
				CLANG_ENABLE_OBJC_ARC = YES;
				CLANG_ENABLE_OBJC_WEAK = YES;
				CLANG_WARN_BLOCK_CAPTURE_AUTORELEASING = YES;
				CLANG_WARN_BOOL_CONVERSION = YES;
				CLANG_WARN_COMMA = YES;
				CLANG_WARN_CONSTANT_CONVERSION = YES;
				CLANG_WARN_DEPRECATED_OBJC_IMPLEMENTATIONS = YES;
				CLANG_WARN_DIRECT_OBJC_ISA_USAGE = YES_ERROR;
				CLANG_WARN_DOCUMENTATION_COMMENTS = YES;
				CLANG_WARN_EMPTY_BODY = YES;
				CLANG_WARN_ENUM_CONVERSION = YES;
				CLANG_WARN_INFINITE_RECURSION = YES;
				CLANG_WARN_INT_CONVERSION = YES;
				CLANG_WARN_NON_LITERAL_NULL_CONVERSION = YES;
				CLANG_WARN_OBJC_IMPLICIT_RETAIN_SELF = YES;
				CLANG_WARN_OBJC_LITERAL_CONVERSION = YES;
				CLANG_WARN_OBJC_ROOT_CLASS = YES_ERROR;
				CLANG_WARN_QUOTED_INCLUDE_IN_FRAMEWORK_HEADER = YES;
				CLANG_WARN_RANGE_LOOP_ANALYSIS = YES;
				CLANG_WARN_STRICT_PROTOTYPES = YES;
				CLANG_WARN_SUSPICIOUS_MOVE = YES;
				CLANG_WARN_UNGUARDED_AVAILABILITY = YES_AGGRESSIVE;
				CLANG_WARN_UNREACHABLE_CODE = YES;
				CLANG_WARN__DUPLICATE_METHOD_MATCH = YES;
				COPY_PHASE_STRIP = NO;
				DEBUG_INFORMATION_FORMAT = "dwarf-with-dsym";
				DEVELOPMENT_TEAM = RYU9PYL8AK;
				ENABLE_NS_ASSERTIONS = NO;
				ENABLE_STRICT_OBJC_MSGSEND = YES;
				ENABLE_USER_SCRIPT_SANDBOXING = YES;
				GCC_C_LANGUAGE_STANDARD = gnu17;
				GCC_NO_COMMON_BLOCKS = YES;
				GCC_WARN_64_TO_32_BIT_CONVERSION = YES;
				GCC_WARN_ABOUT_RETURN_TYPE = YES_ERROR;
				GCC_WARN_UNDECLARED_SELECTOR = YES;
				GCC_WARN_UNINITIALIZED_AUTOS = YES_AGGRESSIVE;
				GCC_WARN_UNUSED_FUNCTION = YES;
				GCC_WARN_UNUSED_VARIABLE = YES;
				IPHONEOS_DEPLOYMENT_TARGET = 18.5;
				LOCALIZATION_PREFERS_STRING_CATALOGS = YES;
				MTL_ENABLE_DEBUG_INFO = NO;
				MTL_FAST_MATH = YES;
				SDKROOT = iphoneos;
				SWIFT_COMPILATION_MODE = wholemodule;
				VALIDATE_PRODUCT = YES;
			};
			name = Release;
		};
		E639D2772E55EEC000F7E003 /* Debug */ = {
			isa = XCBuildConfiguration;
			buildSettings = {
				ASSETCATALOG_COMPILER_APPICON_NAME = AppIcon;
				ASSETCATALOG_COMPILER_GLOBAL_ACCENT_COLOR_NAME = AccentColor;
				CODE_SIGN_STYLE = Automatic;
				CURRENT_PROJECT_VERSION = 1;
				DEVELOPMENT_TEAM = RYU9PYL8AK;
				ENABLE_PREVIEWS = YES;
				GENERATE_INFOPLIST_FILE = YES;
				INFOPLIST_KEY_UIApplicationSceneManifest_Generation = YES;
				INFOPLIST_KEY_UIApplicationSupportsIndirectInputEvents = YES;
				INFOPLIST_KEY_UILaunchScreen_Generation = YES;
				INFOPLIST_KEY_UISupportedInterfaceOrientations_iPad = "UIInterfaceOrientationPortrait UIInterfaceOrientationPortraitUpsideDown UIInterfaceOrientationLandscapeLeft UIInterfaceOrientationLandscapeRight";
				INFOPLIST_KEY_UISupportedInterfaceOrientations_iPhone = "UIInterfaceOrientationPortrait UIInterfaceOrientationLandscapeLeft UIInterfaceOrientationLandscapeRight";
				LD_RUNPATH_SEARCH_PATHS = (
					"$(inherited)",
					"@executable_path/Frameworks",
				);
				MARKETING_VERSION = 1.0;
				PRODUCT_BUNDLE_IDENTIFIER = com.bassaletti.Buttons;
				PRODUCT_NAME = "$(TARGET_NAME)";
				SWIFT_EMIT_LOC_STRINGS = YES;
				SWIFT_VERSION = 5.0;
				TARGETED_DEVICE_FAMILY = "1,2";
			};
			name = Debug;
		};
		E639D2782E55EEC000F7E003 /* Release */ = {
			isa = XCBuildConfiguration;
			buildSettings = {
				ASSETCATALOG_COMPILER_APPICON_NAME = AppIcon;
				ASSETCATALOG_COMPILER_GLOBAL_ACCENT_COLOR_NAME = AccentColor;
				CODE_SIGN_STYLE = Automatic;
				CURRENT_PROJECT_VERSION = 1;
				DEVELOPMENT_TEAM = RYU9PYL8AK;
				ENABLE_PREVIEWS = YES;
				GENERATE_INFOPLIST_FILE = YES;
				INFOPLIST_KEY_UIApplicationSceneManifest_Generation = YES;
				INFOPLIST_KEY_UIApplicationSupportsIndirectInputEvents = YES;
				INFOPLIST_KEY_UILaunchScreen_Generation = YES;
				INFOPLIST_KEY_UISupportedInterfaceOrientations_iPad = "UIInterfaceOrientationPortrait UIInterfaceOrientationPortraitUpsideDown UIInterfaceOrientationLandscapeLeft UIInterfaceOrientationLandscapeRight";
				INFOPLIST_KEY_UISupportedInterfaceOrientations_iPhone = "UIInterfaceOrientationPortrait UIInterfaceOrientationLandscapeLeft UIInterfaceOrientationLandscapeRight";
				LD_RUNPATH_SEARCH_PATHS = (
					"$(inherited)",
					"@executable_path/Frameworks",
				);
				MARKETING_VERSION = 1.0;
				PRODUCT_BUNDLE_IDENTIFIER = com.bassaletti.Buttons;
				PRODUCT_NAME = "$(TARGET_NAME)";
				SWIFT_EMIT_LOC_STRINGS = YES;
				SWIFT_VERSION = 5.0;
				TARGETED_DEVICE_FAMILY = "1,2";
			};
			name = Release;
		};
		E639D27A2E55EEC000F7E003 /* Debug */ = {
			isa = XCBuildConfiguration;
			buildSettings = {
				BUNDLE_LOADER = "$(TEST_HOST)";
				CODE_SIGN_STYLE = Automatic;
				CURRENT_PROJECT_VERSION = 1;
				DEVELOPMENT_TEAM = RYU9PYL8AK;
				GENERATE_INFOPLIST_FILE = YES;
				IPHONEOS_DEPLOYMENT_TARGET = 18.5;
				MARKETING_VERSION = 1.0;
				PRODUCT_BUNDLE_IDENTIFIER = com.bassaletti.ButtonsTests;
				PRODUCT_NAME = "$(TARGET_NAME)";
				SWIFT_EMIT_LOC_STRINGS = NO;
				SWIFT_VERSION = 5.0;
				TARGETED_DEVICE_FAMILY = "1,2";
				TEST_HOST = "$(BUILT_PRODUCTS_DIR)/Buttons.app/$(BUNDLE_EXECUTABLE_FOLDER_PATH)/Buttons";
			};
			name = Debug;
		};
		E639D27B2E55EEC000F7E003 /* Release */ = {
			isa = XCBuildConfiguration;
			buildSettings = {
				BUNDLE_LOADER = "$(TEST_HOST)";
				CODE_SIGN_STYLE = Automatic;
				CURRENT_PROJECT_VERSION = 1;
				DEVELOPMENT_TEAM = RYU9PYL8AK;
				GENERATE_INFOPLIST_FILE = YES;
				IPHONEOS_DEPLOYMENT_TARGET = 18.5;
				MARKETING_VERSION = 1.0;
				PRODUCT_BUNDLE_IDENTIFIER = com.bassaletti.ButtonsTests;
				PRODUCT_NAME = "$(TARGET_NAME)";
				SWIFT_EMIT_LOC_STRINGS = NO;
				SWIFT_VERSION = 5.0;
				TARGETED_DEVICE_FAMILY = "1,2";
				TEST_HOST = "$(BUILT_PRODUCTS_DIR)/Buttons.app/$(BUNDLE_EXECUTABLE_FOLDER_PATH)/Buttons";
			};
			name = Release;
		};
		E639D27D2E55EEC000F7E003 /* Debug */ = {
			isa = XCBuildConfiguration;
			buildSettings = {
				CODE_SIGN_STYLE = Automatic;
				CURRENT_PROJECT_VERSION = 1;
				DEVELOPMENT_TEAM = RYU9PYL8AK;
				GENERATE_INFOPLIST_FILE = YES;
				MARKETING_VERSION = 1.0;
				PRODUCT_BUNDLE_IDENTIFIER = com.bassaletti.ButtonsUITests;
				PRODUCT_NAME = "$(TARGET_NAME)";
				SWIFT_EMIT_LOC_STRINGS = NO;
				SWIFT_VERSION = 5.0;
				TARGETED_DEVICE_FAMILY = "1,2";
				TEST_TARGET_NAME = Buttons;
			};
			name = Debug;
		};
		E639D27E2E55EEC000F7E003 /* Release */ = {
			isa = XCBuildConfiguration;
			buildSettings = {
				CODE_SIGN_STYLE = Automatic;
				CURRENT_PROJECT_VERSION = 1;
				DEVELOPMENT_TEAM = RYU9PYL8AK;
				GENERATE_INFOPLIST_FILE = YES;
				MARKETING_VERSION = 1.0;
				PRODUCT_BUNDLE_IDENTIFIER = com.bassaletti.ButtonsUITests;
				PRODUCT_NAME = "$(TARGET_NAME)";
				SWIFT_EMIT_LOC_STRINGS = NO;
				SWIFT_VERSION = 5.0;
				TARGETED_DEVICE_FAMILY = "1,2";
				TEST_TARGET_NAME = Buttons;
			};
			name = Release;
		};
/* End XCBuildConfiguration section */

/* Begin XCConfigurationList section */
		E639D2502E55EEC000F7E003 /* Build configuration list for PBXProject "Buttons" */ = {
			isa = XCConfigurationList;
			buildConfigurations = (
				E639D2742E55EEC000F7E003 /* Debug */,
				E639D2752E55EEC000F7E003 /* Release */,
			);
			defaultConfigurationIsVisible = 0;
			defaultConfigurationName = Release;
		};
		E639D2762E55EEC000F7E003 /* Build configuration list for PBXNativeTarget "Buttons" */ = {
			isa = XCConfigurationList;
			buildConfigurations = (
				E639D2772E55EEC000F7E003 /* Debug */,
				E639D2782E55EEC000F7E003 /* Release */,
			);
			defaultConfigurationIsVisible = 0;
			defaultConfigurationName = Release;
		};
		E639D2792E55EEC000F7E003 /* Build configuration list for PBXNativeTarget "ButtonsTests" */ = {
			isa = XCConfigurationList;
			buildConfigurations = (
				E639D27A2E55EEC000F7E003 /* Debug */,
				E639D27B2E55EEC000F7E003 /* Release */,
			);
			defaultConfigurationIsVisible = 0;
			defaultConfigurationName = Release;
		};
		E639D27C2E55EEC000F7E003 /* Build configuration list for PBXNativeTarget "ButtonsUITests" */ = {
			isa = XCConfigurationList;
			buildConfigurations = (
				E639D27D2E55EEC000F7E003 /* Debug */,
				E639D27E2E55EEC000F7E003 /* Release */,
			);
			defaultConfigurationIsVisible = 0;
			defaultConfigurationName = Release;
		};
/* End XCConfigurationList section */
	};
	rootObject = E639D24D2E55EEC000F7E003 /* Project object */;
}
