// !$*UTF8*$!
{
	archiveVersion = 1;
	classes = {
	};
	objectVersion = 77;
	objects = {

/* Begin PBXContainerItemProxy section */
		E65C29882E5B7389001BB1B1 /* PBXContainerItemProxy */ = {
			isa = PBXContainerItemProxy;
			containerPortal = E65C29722E5B7388001BB1B1 /* Project object */;
			proxyType = 1;
			remoteGlobalIDString = E65C29792E5B7388001BB1B1;
			remoteInfo = ExpandingLists;
		};
		E65C29922E5B7389001BB1B1 /* PBXContainerItemProxy */ = {
			isa = PBXContainerItemProxy;
			containerPortal = E65C29722E5B7388001BB1B1 /* Project object */;
			proxyType = 1;
			remoteGlobalIDString = E65C29792E5B7388001BB1B1;
			remoteInfo = ExpandingLists;
		};
/* End PBXContainerItemProxy section */

/* Begin PBXFileReference section */
		E65C297A2E5B7388001BB1B1 /* ExpandingLists.app */ = {isa = PBXFileReference; explicitFileType = wrapper.application; includeInIndex = 0; path = ExpandingLists.app; sourceTree = BUILT_PRODUCTS_DIR; };
		E65C29872E5B7389001BB1B1 /* ExpandingListsTests.xctest */ = {isa = PBXFileReference; explicitFileType = wrapper.cfbundle; includeInIndex = 0; path = ExpandingListsTests.xctest; sourceTree = BUILT_PRODUCTS_DIR; };
		E65C29912E5B7389001BB1B1 /* ExpandingListsUITests.xctest */ = {isa = PBXFileReference; explicitFileType = wrapper.cfbundle; includeInIndex = 0; path = ExpandingListsUITests.xctest; sourceTree = BUILT_PRODUCTS_DIR; };
/* End PBXFileReference section */

/* Begin PBXFileSystemSynchronizedRootGroup section */
		E65C297C2E5B7388001BB1B1 /* ExpandingLists */ = {
			isa = PBXFileSystemSynchronizedRootGroup;
			path = ExpandingLists;
			sourceTree = "<group>";
		};
		E65C298A2E5B7389001BB1B1 /* ExpandingListsTests */ = {
			isa = PBXFileSystemSynchronizedRootGroup;
			path = ExpandingListsTests;
			sourceTree = "<group>";
		};
		E65C29942E5B7389001BB1B1 /* ExpandingListsUITests */ = {
			isa = PBXFileSystemSynchronizedRootGroup;
			path = ExpandingListsUITests;
			sourceTree = "<group>";
		};
/* End PBXFileSystemSynchronizedRootGroup section */

/* Begin PBXFrameworksBuildPhase section */
		E65C29772E5B7388001BB1B1 /* Frameworks */ = {
			isa = PBXFrameworksBuildPhase;
			buildActionMask = 2147483647;
			files = (
			);
			runOnlyForDeploymentPostprocessing = 0;
		};
		E65C29842E5B7389001BB1B1 /* Frameworks */ = {
			isa = PBXFrameworksBuildPhase;
			buildActionMask = 2147483647;
			files = (
			);
			runOnlyForDeploymentPostprocessing = 0;
		};
		E65C298E2E5B7389001BB1B1 /* Frameworks */ = {
			isa = PBXFrameworksBuildPhase;
			buildActionMask = 2147483647;
			files = (
			);
			runOnlyForDeploymentPostprocessing = 0;
		};
/* End PBXFrameworksBuildPhase section */

/* Begin PBXGroup section */
		E65C29712E5B7388001BB1B1 = {
			isa = PBXGroup;
			children = (
				E65C297C2E5B7388001BB1B1 /* ExpandingLists */,
				E65C298A2E5B7389001BB1B1 /* ExpandingListsTests */,
				E65C29942E5B7389001BB1B1 /* ExpandingListsUITests */,
				E65C297B2E5B7388001BB1B1 /* Products */,
			);
			sourceTree = "<group>";
		};
		E65C297B2E5B7388001BB1B1 /* Products */ = {
			isa = PBXGroup;
			children = (
				E65C297A2E5B7388001BB1B1 /* ExpandingLists.app */,
				E65C29872E5B7389001BB1B1 /* ExpandingListsTests.xctest */,
				E65C29912E5B7389001BB1B1 /* ExpandingListsUITests.xctest */,
			);
			name = Products;
			sourceTree = "<group>";
		};
/* End PBXGroup section */

/* Begin PBXNativeTarget section */
		E65C29792E5B7388001BB1B1 /* ExpandingLists */ = {
			isa = PBXNativeTarget;
			buildConfigurationList = E65C299B2E5B7389001BB1B1 /* Build configuration list for PBXNativeTarget "ExpandingLists" */;
			buildPhases = (
				E65C29762E5B7388001BB1B1 /* Sources */,
				E65C29772E5B7388001BB1B1 /* Frameworks */,
				E65C29782E5B7388001BB1B1 /* Resources */,
			);
			buildRules = (
			);
			dependencies = (
			);
			fileSystemSynchronizedGroups = (
				E65C297C2E5B7388001BB1B1 /* ExpandingLists */,
			);
			name = ExpandingLists;
			packageProductDependencies = (
			);
			productName = ExpandingLists;
			productReference = E65C297A2E5B7388001BB1B1 /* ExpandingLists.app */;
			productType = "com.apple.product-type.application";
		};
		E65C29862E5B7389001BB1B1 /* ExpandingListsTests */ = {
			isa = PBXNativeTarget;
			buildConfigurationList = E65C299E2E5B7389001BB1B1 /* Build configuration list for PBXNativeTarget "ExpandingListsTests" */;
			buildPhases = (
				E65C29832E5B7389001BB1B1 /* Sources */,
				E65C29842E5B7389001BB1B1 /* Frameworks */,
				E65C29852E5B7389001BB1B1 /* Resources */,
			);
			buildRules = (
			);
			dependencies = (
				E65C29892E5B7389001BB1B1 /* PBXTargetDependency */,
			);
			fileSystemSynchronizedGroups = (
				E65C298A2E5B7389001BB1B1 /* ExpandingListsTests */,
			);
			name = ExpandingListsTests;
			packageProductDependencies = (
			);
			productName = ExpandingListsTests;
			productReference = E65C29872E5B7389001BB1B1 /* ExpandingListsTests.xctest */;
			productType = "com.apple.product-type.bundle.unit-test";
		};
		E65C29902E5B7389001BB1B1 /* ExpandingListsUITests */ = {
			isa = PBXNativeTarget;
			buildConfigurationList = E65C29A12E5B7389001BB1B1 /* Build configuration list for PBXNativeTarget "ExpandingListsUITests" */;
			buildPhases = (
				E65C298D2E5B7389001BB1B1 /* Sources */,
				E65C298E2E5B7389001BB1B1 /* Frameworks */,
				E65C298F2E5B7389001BB1B1 /* Resources */,
			);
			buildRules = (
			);
			dependencies = (
				E65C29932E5B7389001BB1B1 /* PBXTargetDependency */,
			);
			fileSystemSynchronizedGroups = (
				E65C29942E5B7389001BB1B1 /* ExpandingListsUITests */,
			);
			name = ExpandingListsUITests;
			packageProductDependencies = (
			);
			productName = ExpandingListsUITests;
			productReference = E65C29912E5B7389001BB1B1 /* ExpandingListsUITests.xctest */;
			productType = "com.apple.product-type.bundle.ui-testing";
		};
/* End PBXNativeTarget section */

/* Begin PBXProject section */
		E65C29722E5B7388001BB1B1 /* Project object */ = {
			isa = PBXProject;
			attributes = {
				BuildIndependentTargetsInParallel = 1;
				LastSwiftUpdateCheck = 1640;
				LastUpgradeCheck = 1640;
				TargetAttributes = {
					E65C29792E5B7388001BB1B1 = {
						CreatedOnToolsVersion = 16.4;
					};
					E65C29862E5B7389001BB1B1 = {
						CreatedOnToolsVersion = 16.4;
						TestTargetID = E65C29792E5B7388001BB1B1;
					};
					E65C29902E5B7389001BB1B1 = {
						CreatedOnToolsVersion = 16.4;
						TestTargetID = E65C29792E5B7388001BB1B1;
					};
				};
			};
			buildConfigurationList = E65C29752E5B7388001BB1B1 /* Build configuration list for PBXProject "ExpandingLists" */;
			developmentRegion = en;
			hasScannedForEncodings = 0;
			knownRegions = (
				en,
				Base,
			);
			mainGroup = E65C29712E5B7388001BB1B1;
			minimizedProjectReferenceProxies = 1;
			preferredProjectObjectVersion = 77;
			productRefGroup = E65C297B2E5B7388001BB1B1 /* Products */;
			projectDirPath = "";
			projectRoot = "";
			targets = (
				E65C29792E5B7388001BB1B1 /* ExpandingLists */,
				E65C29862E5B7389001BB1B1 /* ExpandingListsTests */,
				E65C29902E5B7389001BB1B1 /* ExpandingListsUITests */,
			);
		};
/* End PBXProject section */

/* Begin PBXResourcesBuildPhase section */
		E65C29782E5B7388001BB1B1 /* Resources */ = {
			isa = PBXResourcesBuildPhase;
			buildActionMask = 2147483647;
			files = (
			);
			runOnlyForDeploymentPostprocessing = 0;
		};
		E65C29852E5B7389001BB1B1 /* Resources */ = {
			isa = PBXResourcesBuildPhase;
			buildActionMask = 2147483647;
			files = (
			);
			runOnlyForDeploymentPostprocessing = 0;
		};
		E65C298F2E5B7389001BB1B1 /* Resources */ = {
			isa = PBXResourcesBuildPhase;
			buildActionMask = 2147483647;
			files = (
			);
			runOnlyForDeploymentPostprocessing = 0;
		};
/* End PBXResourcesBuildPhase section */

/* Begin PBXSourcesBuildPhase section */
		E65C29762E5B7388001BB1B1 /* Sources */ = {
			isa = PBXSourcesBuildPhase;
			buildActionMask = 2147483647;
			files = (
			);
			runOnlyForDeploymentPostprocessing = 0;
		};
		E65C29832E5B7389001BB1B1 /* Sources */ = {
			isa = PBXSourcesBuildPhase;
			buildActionMask = 2147483647;
			files = (
			);
			runOnlyForDeploymentPostprocessing = 0;
		};
		E65C298D2E5B7389001BB1B1 /* Sources */ = {
			isa = PBXSourcesBuildPhase;
			buildActionMask = 2147483647;
			files = (
			);
			runOnlyForDeploymentPostprocessing = 0;
		};
/* End PBXSourcesBuildPhase section */

/* Begin PBXTargetDependency section */
		E65C29892E5B7389001BB1B1 /* PBXTargetDependency */ = {
			isa = PBXTargetDependency;
			target = E65C29792E5B7388001BB1B1 /* ExpandingLists */;
			targetProxy = E65C29882E5B7389001BB1B1 /* PBXContainerItemProxy */;
		};
		E65C29932E5B7389001BB1B1 /* PBXTargetDependency */ = {
			isa = PBXTargetDependency;
			target = E65C29792E5B7388001BB1B1 /* ExpandingLists */;
			targetProxy = E65C29922E5B7389001BB1B1 /* PBXContainerItemProxy */;
		};
/* End PBXTargetDependency section */

/* Begin XCBuildConfiguration section */
		E65C29992E5B7389001BB1B1 /* Debug */ = {
			isa = XCBuildConfiguration;
			buildSettings = {
				ALWAYS_SEARCH_USER_PATHS = NO;
				ASSETCATALOG_COMPILER_GENERATE_SWIFT_ASSET_SYMBOL_EXTENSIONS = YES;
				CLANG_ANALYZER_NONNULL = YES;
				CLANG_ANALYZER_NUMBER_OBJECT_CONVERSION = YES_AGGRESSIVE;
				CLANG_CXX_LANGUAGE_STANDARD = "gnu++20";
				CLANG_ENABLE_MODULES = YES;
				CLANG_ENABLE_OBJC_ARC = YES;
				CLANG_ENABLE_OBJC_WEAK = YES;
				CLANG_WARN_BLOCK_CAPTURE_AUTORELEASING = YES;
				CLANG_WARN_BOOL_CONVERSION = YES;
				CLANG_WARN_COMMA = YES;
				CLANG_WARN_CONSTANT_CONVERSION = YES;
				CLANG_WARN_DEPRECATED_OBJC_IMPLEMENTATIONS = YES;
				CLANG_WARN_DIRECT_OBJC_ISA_USAGE = YES_ERROR;
				CLANG_WARN_DOCUMENTATION_COMMENTS = YES;
				CLANG_WARN_EMPTY_BODY = YES;
				CLANG_WARN_ENUM_CONVERSION = YES;
				CLANG_WARN_INFINITE_RECURSION = YES;
				CLANG_WARN_INT_CONVERSION = YES;
				CLANG_WARN_NON_LITERAL_NULL_CONVERSION = YES;
				CLANG_WARN_OBJC_IMPLICIT_RETAIN_SELF = YES;
				CLANG_WARN_OBJC_LITERAL_CONVERSION = YES;
				CLANG_WARN_OBJC_ROOT_CLASS = YES_ERROR;
				CLANG_WARN_QUOTED_INCLUDE_IN_FRAMEWORK_HEADER = YES;
				CLANG_WARN_RANGE_LOOP_ANALYSIS = YES;
				CLANG_WARN_STRICT_PROTOTYPES = YES;
				CLANG_WARN_SUSPICIOUS_MOVE = YES;
				CLANG_WARN_UNGUARDED_AVAILABILITY = YES_AGGRESSIVE;
				CLANG_WARN_UNREACHABLE_CODE = YES;
				CLANG_WARN__DUPLICATE_METHOD_MATCH = YES;
				COPY_PHASE_STRIP = NO;
				DEBUG_INFORMATION_FORMAT = dwarf;
				ENABLE_STRICT_OBJC_MSGSEND = YES;
				ENABLE_TESTABILITY = YES;
				ENABLE_USER_SCRIPT_SANDBOXING = YES;
				GCC_C_LANGUAGE_STANDARD = gnu17;
				GCC_DYNAMIC_NO_PIC = NO;
				GCC_NO_COMMON_BLOCKS = YES;
				GCC_OPTIMIZATION_LEVEL = 0;
				GCC_PREPROCESSOR_DEFINITIONS = (
					"DEBUG=1",
					"$(inherited)",
				);
				GCC_WARN_64_TO_32_BIT_CONVERSION = YES;
				GCC_WARN_ABOUT_RETURN_TYPE = YES_ERROR;
				GCC_WARN_UNDECLARED_SELECTOR = YES;
				GCC_WARN_UNINITIALIZED_AUTOS = YES_AGGRESSIVE;
				GCC_WARN_UNUSED_FUNCTION = YES;
				GCC_WARN_UNUSED_VARIABLE = YES;
				IPHONEOS_DEPLOYMENT_TARGET = 18.5;
				LOCALIZATION_PREFERS_STRING_CATALOGS = YES;
				MTL_ENABLE_DEBUG_INFO = INCLUDE_SOURCE;
				MTL_FAST_MATH = YES;
				ONLY_ACTIVE_ARCH = YES;
				SDKROOT = iphoneos;
				SWIFT_ACTIVE_COMPILATION_CONDITIONS = "DEBUG $(inherited)";
				SWIFT_OPTIMIZATION_LEVEL = "-Onone";
			};
			name = Debug;
		};
		E65C299A2E5B7389001BB1B1 /* Release */ = {
			isa = XCBuildConfiguration;
			buildSettings = {
				ALWAYS_SEARCH_USER_PATHS = NO;
				ASSETCATALOG_COMPILER_GENERATE_SWIFT_ASSET_SYMBOL_EXTENSIONS = YES;
				CLANG_ANALYZER_NONNULL = YES;
				CLANG_ANALYZER_NUMBER_OBJECT_CONVERSION = YES_AGGRESSIVE;
				CLANG_CXX_LANGUAGE_STANDARD = "gnu++20";
				CLANG_ENABLE_MODULES = YES;
				CLANG_ENABLE_OBJC_ARC = YES;
				CLANG_ENABLE_OBJC_WEAK = YES;
				CLANG_WARN_BLOCK_CAPTURE_AUTORELEASING = YES;
				CLANG_WARN_BOOL_CONVERSION = YES;
				CLANG_WARN_COMMA = YES;
				CLANG_WARN_CONSTANT_CONVERSION = YES;
				CLANG_WARN_DEPRECATED_OBJC_IMPLEMENTATIONS = YES;
				CLANG_WARN_DIRECT_OBJC_ISA_USAGE = YES_ERROR;
				CLANG_WARN_DOCUMENTATION_COMMENTS = YES;
				CLANG_WARN_EMPTY_BODY = YES;
				CLANG_WARN_ENUM_CONVERSION = YES;
				CLANG_WARN_INFINITE_RECURSION = YES;
				CLANG_WARN_INT_CONVERSION = YES;
				CLANG_WARN_NON_LITERAL_NULL_CONVERSION = YES;
				CLANG_WARN_OBJC_IMPLICIT_RETAIN_SELF = YES;
				CLANG_WARN_OBJC_LITERAL_CONVERSION = YES;
				CLANG_WARN_OBJC_ROOT_CLASS = YES_ERROR;
				CLANG_WARN_QUOTED_INCLUDE_IN_FRAMEWORK_HEADER = YES;
				CLANG_WARN_RANGE_LOOP_ANALYSIS = YES;
				CLANG_WARN_STRICT_PROTOTYPES = YES;
				CLANG_WARN_SUSPICIOUS_MOVE = YES;
				CLANG_WARN_UNGUARDED_AVAILABILITY = YES_AGGRESSIVE;
				CLANG_WARN_UNREACHABLE_CODE = YES;
				CLANG_WARN__DUPLICATE_METHOD_MATCH = YES;
				COPY_PHASE_STRIP = NO;
				DEBUG_INFORMATION_FORMAT = "dwarf-with-dsym";
				ENABLE_NS_ASSERTIONS = NO;
				ENABLE_STRICT_OBJC_MSGSEND = YES;
				ENABLE_USER_SCRIPT_SANDBOXING = YES;
				GCC_C_LANGUAGE_STANDARD = gnu17;
				GCC_NO_COMMON_BLOCKS = YES;
				GCC_WARN_64_TO_32_BIT_CONVERSION = YES;
				GCC_WARN_ABOUT_RETURN_TYPE = YES_ERROR;
				GCC_WARN_UNDECLARED_SELECTOR = YES;
				GCC_WARN_UNINITIALIZED_AUTOS = YES_AGGRESSIVE;
				GCC_WARN_UNUSED_FUNCTION = YES;
				GCC_WARN_UNUSED_VARIABLE = YES;
				IPHONEOS_DEPLOYMENT_TARGET = 18.5;
				LOCALIZATION_PREFERS_STRING_CATALOGS = YES;
				MTL_ENABLE_DEBUG_INFO = NO;
				MTL_FAST_MATH = YES;
				SDKROOT = iphoneos;
				SWIFT_COMPILATION_MODE = wholemodule;
				VALIDATE_PRODUCT = YES;
			};
			name = Release;
		};
		E65C299C2E5B7389001BB1B1 /* Debug */ = {
			isa = XCBuildConfiguration;
			buildSettings = {
				ASSETCATALOG_COMPILER_APPICON_NAME = AppIcon;
				ASSETCATALOG_COMPILER_GLOBAL_ACCENT_COLOR_NAME = AccentColor;
				CODE_SIGN_STYLE = Automatic;
				CURRENT_PROJECT_VERSION = 1;
				ENABLE_PREVIEWS = YES;
				GENERATE_INFOPLIST_FILE = YES;
				INFOPLIST_KEY_UIApplicationSceneManifest_Generation = YES;
				INFOPLIST_KEY_UIApplicationSupportsIndirectInputEvents = YES;
				INFOPLIST_KEY_UILaunchScreen_Generation = YES;
				INFOPLIST_KEY_UISupportedInterfaceOrientations_iPad = "UIInterfaceOrientationPortrait UIInterfaceOrientationPortraitUpsideDown UIInterfaceOrientationLandscapeLeft UIInterfaceOrientationLandscapeRight";
				INFOPLIST_KEY_UISupportedInterfaceOrientations_iPhone = "UIInterfaceOrientationPortrait UIInterfaceOrientationLandscapeLeft UIInterfaceOrientationLandscapeRight";
				LD_RUNPATH_SEARCH_PATHS = (
					"$(inherited)",
					"@executable_path/Frameworks",
				);
				MARKETING_VERSION = 1.0;
				PRODUCT_BUNDLE_IDENTIFIER = com.bassaletti.ExpandingLists;
				PRODUCT_NAME = "$(TARGET_NAME)";
				SWIFT_EMIT_LOC_STRINGS = YES;
				SWIFT_VERSION = 5.0;
				TARGETED_DEVICE_FAMILY = "1,2";
			};
			name = Debug;
		};
		E65C299D2E5B7389001BB1B1 /* Release */ = {
			isa = XCBuildConfiguration;
			buildSettings = {
				ASSETCATALOG_COMPILER_APPICON_NAME = AppIcon;
				ASSETCATALOG_COMPILER_GLOBAL_ACCENT_COLOR_NAME = AccentColor;
				CODE_SIGN_STYLE = Automatic;
				CURRENT_PROJECT_VERSION = 1;
				ENABLE_PREVIEWS = YES;
				GENERATE_INFOPLIST_FILE = YES;
				INFOPLIST_KEY_UIApplicationSceneManifest_Generation = YES;
				INFOPLIST_KEY_UIApplicationSupportsIndirectInputEvents = YES;
				INFOPLIST_KEY_UILaunchScreen_Generation = YES;
				INFOPLIST_KEY_UISupportedInterfaceOrientations_iPad = "UIInterfaceOrientationPortrait UIInterfaceOrientationPortraitUpsideDown UIInterfaceOrientationLandscapeLeft UIInterfaceOrientationLandscapeRight";
				INFOPLIST_KEY_UISupportedInterfaceOrientations_iPhone = "UIInterfaceOrientationPortrait UIInterfaceOrientationLandscapeLeft UIInterfaceOrientationLandscapeRight";
				LD_RUNPATH_SEARCH_PATHS = (
					"$(inherited)",
					"@executable_path/Frameworks",
				);
				MARKETING_VERSION = 1.0;
				PRODUCT_BUNDLE_IDENTIFIER = com.bassaletti.ExpandingLists;
				PRODUCT_NAME = "$(TARGET_NAME)";
				SWIFT_EMIT_LOC_STRINGS = YES;
				SWIFT_VERSION = 5.0;
				TARGETED_DEVICE_FAMILY = "1,2";
			};
			name = Release;
		};
		E65C299F2E5B7389001BB1B1 /* Debug */ = {
			isa = XCBuildConfiguration;
			buildSettings = {
				BUNDLE_LOADER = "$(TEST_HOST)";
				CODE_SIGN_STYLE = Automatic;
				CURRENT_PROJECT_VERSION = 1;
				GENERATE_INFOPLIST_FILE = YES;
				IPHONEOS_DEPLOYMENT_TARGET = 18.5;
				MARKETING_VERSION = 1.0;
				PRODUCT_BUNDLE_IDENTIFIER = com.bassaletti.ExpandingListsTests;
				PRODUCT_NAME = "$(TARGET_NAME)";
				SWIFT_EMIT_LOC_STRINGS = NO;
				SWIFT_VERSION = 5.0;
				TARGETED_DEVICE_FAMILY = "1,2";
				TEST_HOST = "$(BUILT_PRODUCTS_DIR)/ExpandingLists.app/$(BUNDLE_EXECUTABLE_FOLDER_PATH)/ExpandingLists";
			};
			name = Debug;
		};
		E65C29A02E5B7389001BB1B1 /* Release */ = {
			isa = XCBuildConfiguration;
			buildSettings = {
				BUNDLE_LOADER = "$(TEST_HOST)";
				CODE_SIGN_STYLE = Automatic;
				CURRENT_PROJECT_VERSION = 1;
				GENERATE_INFOPLIST_FILE = YES;
				IPHONEOS_DEPLOYMENT_TARGET = 18.5;
				MARKETING_VERSION = 1.0;
				PRODUCT_BUNDLE_IDENTIFIER = com.bassaletti.ExpandingListsTests;
				PRODUCT_NAME = "$(TARGET_NAME)";
				SWIFT_EMIT_LOC_STRINGS = NO;
				SWIFT_VERSION = 5.0;
				TARGETED_DEVICE_FAMILY = "1,2";
				TEST_HOST = "$(BUILT_PRODUCTS_DIR)/ExpandingLists.app/$(BUNDLE_EXECUTABLE_FOLDER_PATH)/ExpandingLists";
			};
			name = Release;
		};
		E65C29A22E5B7389001BB1B1 /* Debug */ = {
			isa = XCBuildConfiguration;
			buildSettings = {
				CODE_SIGN_STYLE = Automatic;
				CURRENT_PROJECT_VERSION = 1;
				GENERATE_INFOPLIST_FILE = YES;
				MARKETING_VERSION = 1.0;
				PRODUCT_BUNDLE_IDENTIFIER = com.bassaletti.ExpandingListsUITests;
				PRODUCT_NAME = "$(TARGET_NAME)";
				SWIFT_EMIT_LOC_STRINGS = NO;
				SWIFT_VERSION = 5.0;
				TARGETED_DEVICE_FAMILY = "1,2";
				TEST_TARGET_NAME = ExpandingLists;
			};
			name = Debug;
		};
		E65C29A32E5B7389001BB1B1 /* Release */ = {
			isa = XCBuildConfiguration;
			buildSettings = {
				CODE_SIGN_STYLE = Automatic;
				CURRENT_PROJECT_VERSION = 1;
				GENERATE_INFOPLIST_FILE = YES;
				MARKETING_VERSION = 1.0;
				PRODUCT_BUNDLE_IDENTIFIER = com.bassaletti.ExpandingListsUITests;
				PRODUCT_NAME = "$(TARGET_NAME)";
				SWIFT_EMIT_LOC_STRINGS = NO;
				SWIFT_VERSION = 5.0;
				TARGETED_DEVICE_FAMILY = "1,2";
				TEST_TARGET_NAME = ExpandingLists;
			};
			name = Release;
		};
/* End XCBuildConfiguration section */

/* Begin XCConfigurationList section */
		E65C29752E5B7388001BB1B1 /* Build configuration list for PBXProject "ExpandingLists" */ = {
			isa = XCConfigurationList;
			buildConfigurations = (
				E65C29992E5B7389001BB1B1 /* Debug */,
				E65C299A2E5B7389001BB1B1 /* Release */,
			);
			defaultConfigurationIsVisible = 0;
			defaultConfigurationName = Release;
		};
		E65C299B2E5B7389001BB1B1 /* Build configuration list for PBXNativeTarget "ExpandingLists" */ = {
			isa = XCConfigurationList;
			buildConfigurations = (
				E65C299C2E5B7389001BB1B1 /* Debug */,
				E65C299D2E5B7389001BB1B1 /* Release */,
			);
			defaultConfigurationIsVisible = 0;
			defaultConfigurationName = Release;
		};
		E65C299E2E5B7389001BB1B1 /* Build configuration list for PBXNativeTarget "ExpandingListsTests" */ = {
			isa = XCConfigurationList;
			buildConfigurations = (
				E65C299F2E5B7389001BB1B1 /* Debug */,
				E65C29A02E5B7389001BB1B1 /* Release */,
			);
			defaultConfigurationIsVisible = 0;
			defaultConfigurationName = Release;
		};
		E65C29A12E5B7389001BB1B1 /* Build configuration list for PBXNativeTarget "ExpandingListsUITests" */ = {
			isa = XCConfigurationList;
			buildConfigurations = (
				E65C29A22E5B7389001BB1B1 /* Debug */,
				E65C29A32E5B7389001BB1B1 /* Release */,
			);
			defaultConfigurationIsVisible = 0;
			defaultConfigurationName = Release;
		};
/* End XCConfigurationList section */
	};
	rootObject = E65C29722E5B7388001BB1B1 /* Project object */;
}
