// !$*UTF8*$!
{
	archiveVersion = 1;
	classes = {
	};
	objectVersion = 77;
	objects = {

/* Begin PBXContainerItemProxy section */
		E6EBFB182E58B78200D57AE3 /* PBXContainerItemProxy */ = {
			isa = PBXContainerItemProxy;
			containerPortal = E6EBFB022E58B78200D57AE3 /* Project object */;
			proxyType = 1;
			remoteGlobalIDString = E6EBFB092E58B78200D57AE3;
			remoteInfo = ListRowEdit;
		};
		E6EBFB222E58B78200D57AE3 /* PBXContainerItemProxy */ = {
			isa = PBXContainerItemProxy;
			containerPortal = E6EBFB022E58B78200D57AE3 /* Project object */;
			proxyType = 1;
			remoteGlobalIDString = E6EBFB092E58B78200D57AE3;
			remoteInfo = ListRowEdit;
		};
/* End PBXContainerItemProxy section */

/* Begin PBXFileReference section */
		E6EBFB0A2E58B78200D57AE3 /* ListRowEdit.app */ = {isa = PBXFileReference; explicitFileType = wrapper.application; includeInIndex = 0; path = ListRowEdit.app; sourceTree = BUILT_PRODUCTS_DIR; };
		E6EBFB172E58B78200D57AE3 /* ListRowEditTests.xctest */ = {isa = PBXFileReference; explicitFileType = wrapper.cfbundle; includeInIndex = 0; path = ListRowEditTests.xctest; sourceTree = BUILT_PRODUCTS_DIR; };
		E6EBFB212E58B78200D57AE3 /* ListRowEditUITests.xctest */ = {isa = PBXFileReference; explicitFileType = wrapper.cfbundle; includeInIndex = 0; path = ListRowEditUITests.xctest; sourceTree = BUILT_PRODUCTS_DIR; };
/* End PBXFileReference section */

/* Begin PBXFileSystemSynchronizedRootGroup section */
		E6EBFB0C2E58B78200D57AE3 /* ListRowEdit */ = {
			isa = PBXFileSystemSynchronizedRootGroup;
			path = ListRowEdit;
			sourceTree = "<group>";
		};
		E6EBFB1A2E58B78200D57AE3 /* ListRowEditTests */ = {
			isa = PBXFileSystemSynchronizedRootGroup;
			path = ListRowEditTests;
			sourceTree = "<group>";
		};
		E6EBFB242E58B78200D57AE3 /* ListRowEditUITests */ = {
			isa = PBXFileSystemSynchronizedRootGroup;
			path = ListRowEditUITests;
			sourceTree = "<group>";
		};
/* End PBXFileSystemSynchronizedRootGroup section */

/* Begin PBXFrameworksBuildPhase section */
		E6EBFB072E58B78200D57AE3 /* Frameworks */ = {
			isa = PBXFrameworksBuildPhase;
			buildActionMask = 2147483647;
			files = (
			);
			runOnlyForDeploymentPostprocessing = 0;
		};
		E6EBFB142E58B78200D57AE3 /* Frameworks */ = {
			isa = PBXFrameworksBuildPhase;
			buildActionMask = 2147483647;
			files = (
			);
			runOnlyForDeploymentPostprocessing = 0;
		};
		E6EBFB1E2E58B78200D57AE3 /* Frameworks */ = {
			isa = PBXFrameworksBuildPhase;
			buildActionMask = 2147483647;
			files = (
			);
			runOnlyForDeploymentPostprocessing = 0;
		};
/* End PBXFrameworksBuildPhase section */

/* Begin PBXGroup section */
		E6EBFB012E58B78200D57AE3 = {
			isa = PBXGroup;
			children = (
				E6EBFB0C2E58B78200D57AE3 /* ListRowEdit */,
				E6EBFB1A2E58B78200D57AE3 /* ListRowEditTests */,
				E6EBFB242E58B78200D57AE3 /* ListRowEditUITests */,
				E6EBFB0B2E58B78200D57AE3 /* Products */,
			);
			sourceTree = "<group>";
		};
		E6EBFB0B2E58B78200D57AE3 /* Products */ = {
			isa = PBXGroup;
			children = (
				E6EBFB0A2E58B78200D57AE3 /* ListRowEdit.app */,
				E6EBFB172E58B78200D57AE3 /* ListRowEditTests.xctest */,
				E6EBFB212E58B78200D57AE3 /* ListRowEditUITests.xctest */,
			);
			name = Products;
			sourceTree = "<group>";
		};
/* End PBXGroup section */

/* Begin PBXNativeTarget section */
		E6EBFB092E58B78200D57AE3 /* ListRowEdit */ = {
			isa = PBXNativeTarget;
			buildConfigurationList = E6EBFB2B2E58B78200D57AE3 /* Build configuration list for PBXNativeTarget "ListRowEdit" */;
			buildPhases = (
				E6EBFB062E58B78200D57AE3 /* Sources */,
				E6EBFB072E58B78200D57AE3 /* Frameworks */,
				E6EBFB082E58B78200D57AE3 /* Resources */,
			);
			buildRules = (
			);
			dependencies = (
			);
			fileSystemSynchronizedGroups = (
				E6EBFB0C2E58B78200D57AE3 /* ListRowEdit */,
			);
			name = ListRowEdit;
			packageProductDependencies = (
			);
			productName = ListRowEdit;
			productReference = E6EBFB0A2E58B78200D57AE3 /* ListRowEdit.app */;
			productType = "com.apple.product-type.application";
		};
		E6EBFB162E58B78200D57AE3 /* ListRowEditTests */ = {
			isa = PBXNativeTarget;
			buildConfigurationList = E6EBFB2E2E58B78200D57AE3 /* Build configuration list for PBXNativeTarget "ListRowEditTests" */;
			buildPhases = (
				E6EBFB132E58B78200D57AE3 /* Sources */,
				E6EBFB142E58B78200D57AE3 /* Frameworks */,
				E6EBFB152E58B78200D57AE3 /* Resources */,
			);
			buildRules = (
			);
			dependencies = (
				E6EBFB192E58B78200D57AE3 /* PBXTargetDependency */,
			);
			fileSystemSynchronizedGroups = (
				E6EBFB1A2E58B78200D57AE3 /* ListRowEditTests */,
			);
			name = ListRowEditTests;
			packageProductDependencies = (
			);
			productName = ListRowEditTests;
			productReference = E6EBFB172E58B78200D57AE3 /* ListRowEditTests.xctest */;
			productType = "com.apple.product-type.bundle.unit-test";
		};
		E6EBFB202E58B78200D57AE3 /* ListRowEditUITests */ = {
			isa = PBXNativeTarget;
			buildConfigurationList = E6EBFB312E58B78200D57AE3 /* Build configuration list for PBXNativeTarget "ListRowEditUITests" */;
			buildPhases = (
				E6EBFB1D2E58B78200D57AE3 /* Sources */,
				E6EBFB1E2E58B78200D57AE3 /* Frameworks */,
				E6EBFB1F2E58B78200D57AE3 /* Resources */,
			);
			buildRules = (
			);
			dependencies = (
				E6EBFB232E58B78200D57AE3 /* PBXTargetDependency */,
			);
			fileSystemSynchronizedGroups = (
				E6EBFB242E58B78200D57AE3 /* ListRowEditUITests */,
			);
			name = ListRowEditUITests;
			packageProductDependencies = (
			);
			productName = ListRowEditUITests;
			productReference = E6EBFB212E58B78200D57AE3 /* ListRowEditUITests.xctest */;
			productType = "com.apple.product-type.bundle.ui-testing";
		};
/* End PBXNativeTarget section */

/* Begin PBXProject section */
		E6EBFB022E58B78200D57AE3 /* Project object */ = {
			isa = PBXProject;
			attributes = {
				BuildIndependentTargetsInParallel = 1;
				LastSwiftUpdateCheck = 1640;
				LastUpgradeCheck = 1640;
				TargetAttributes = {
					E6EBFB092E58B78200D57AE3 = {
						CreatedOnToolsVersion = 16.4;
					};
					E6EBFB162E58B78200D57AE3 = {
						CreatedOnToolsVersion = 16.4;
						TestTargetID = E6EBFB092E58B78200D57AE3;
					};
					E6EBFB202E58B78200D57AE3 = {
						CreatedOnToolsVersion = 16.4;
						TestTargetID = E6EBFB092E58B78200D57AE3;
					};
				};
			};
			buildConfigurationList = E6EBFB052E58B78200D57AE3 /* Build configuration list for PBXProject "ListRowEdit" */;
			developmentRegion = en;
			hasScannedForEncodings = 0;
			knownRegions = (
				en,
				Base,
			);
			mainGroup = E6EBFB012E58B78200D57AE3;
			minimizedProjectReferenceProxies = 1;
			preferredProjectObjectVersion = 77;
			productRefGroup = E6EBFB0B2E58B78200D57AE3 /* Products */;
			projectDirPath = "";
			projectRoot = "";
			targets = (
				E6EBFB092E58B78200D57AE3 /* ListRowEdit */,
				E6EBFB162E58B78200D57AE3 /* ListRowEditTests */,
				E6EBFB202E58B78200D57AE3 /* ListRowEditUITests */,
			);
		};
/* End PBXProject section */

/* Begin PBXResourcesBuildPhase section */
		E6EBFB082E58B78200D57AE3 /* Resources */ = {
			isa = PBXResourcesBuildPhase;
			buildActionMask = 2147483647;
			files = (
			);
			runOnlyForDeploymentPostprocessing = 0;
		};
		E6EBFB152E58B78200D57AE3 /* Resources */ = {
			isa = PBXResourcesBuildPhase;
			buildActionMask = 2147483647;
			files = (
			);
			runOnlyForDeploymentPostprocessing = 0;
		};
		E6EBFB1F2E58B78200D57AE3 /* Resources */ = {
			isa = PBXResourcesBuildPhase;
			buildActionMask = 2147483647;
			files = (
			);
			runOnlyForDeploymentPostprocessing = 0;
		};
/* End PBXResourcesBuildPhase section */

/* Begin PBXSourcesBuildPhase section */
		E6EBFB062E58B78200D57AE3 /* Sources */ = {
			isa = PBXSourcesBuildPhase;
			buildActionMask = 2147483647;
			files = (
			);
			runOnlyForDeploymentPostprocessing = 0;
		};
		E6EBFB132E58B78200D57AE3 /* Sources */ = {
			isa = PBXSourcesBuildPhase;
			buildActionMask = 2147483647;
			files = (
			);
			runOnlyForDeploymentPostprocessing = 0;
		};
		E6EBFB1D2E58B78200D57AE3 /* Sources */ = {
			isa = PBXSourcesBuildPhase;
			buildActionMask = 2147483647;
			files = (
			);
			runOnlyForDeploymentPostprocessing = 0;
		};
/* End PBXSourcesBuildPhase section */

/* Begin PBXTargetDependency section */
		E6EBFB192E58B78200D57AE3 /* PBXTargetDependency */ = {
			isa = PBXTargetDependency;
			target = E6EBFB092E58B78200D57AE3 /* ListRowEdit */;
			targetProxy = E6EBFB182E58B78200D57AE3 /* PBXContainerItemProxy */;
		};
		E6EBFB232E58B78200D57AE3 /* PBXTargetDependency */ = {
			isa = PBXTargetDependency;
			target = E6EBFB092E58B78200D57AE3 /* ListRowEdit */;
			targetProxy = E6EBFB222E58B78200D57AE3 /* PBXContainerItemProxy */;
		};
/* End PBXTargetDependency section */

/* Begin XCBuildConfiguration section */
		E6EBFB292E58B78200D57AE3 /* Debug */ = {
			isa = XCBuildConfiguration;
			buildSettings = {
				ALWAYS_SEARCH_USER_PATHS = NO;
				ASSETCATALOG_COMPILER_GENERATE_SWIFT_ASSET_SYMBOL_EXTENSIONS = YES;
				CLANG_ANALYZER_NONNULL = YES;
				CLANG_ANALYZER_NUMBER_OBJECT_CONVERSION = YES_AGGRESSIVE;
				CLANG_CXX_LANGUAGE_STANDARD = "gnu++20";
				CLANG_ENABLE_MODULES = YES;
				CLANG_ENABLE_OBJC_ARC = YES;
				CLANG_ENABLE_OBJC_WEAK = YES;
				CLANG_WARN_BLOCK_CAPTURE_AUTORELEASING = YES;
				CLANG_WARN_BOOL_CONVERSION = YES;
				CLANG_WARN_COMMA = YES;
				CLANG_WARN_CONSTANT_CONVERSION = YES;
				CLANG_WARN_DEPRECATED_OBJC_IMPLEMENTATIONS = YES;
				CLANG_WARN_DIRECT_OBJC_ISA_USAGE = YES_ERROR;
				CLANG_WARN_DOCUMENTATION_COMMENTS = YES;
				CLANG_WARN_EMPTY_BODY = YES;
				CLANG_WARN_ENUM_CONVERSION = YES;
				CLANG_WARN_INFINITE_RECURSION = YES;
				CLANG_WARN_INT_CONVERSION = YES;
				CLANG_WARN_NON_LITERAL_NULL_CONVERSION = YES;
				CLANG_WARN_OBJC_IMPLICIT_RETAIN_SELF = YES;
				CLANG_WARN_OBJC_LITERAL_CONVERSION = YES;
				CLANG_WARN_OBJC_ROOT_CLASS = YES_ERROR;
				CLANG_WARN_QUOTED_INCLUDE_IN_FRAMEWORK_HEADER = YES;
				CLANG_WARN_RANGE_LOOP_ANALYSIS = YES;
				CLANG_WARN_STRICT_PROTOTYPES = YES;
				CLANG_WARN_SUSPICIOUS_MOVE = YES;
				CLANG_WARN_UNGUARDED_AVAILABILITY = YES_AGGRESSIVE;
				CLANG_WARN_UNREACHABLE_CODE = YES;
				CLANG_WARN__DUPLICATE_METHOD_MATCH = YES;
				COPY_PHASE_STRIP = NO;
				DEBUG_INFORMATION_FORMAT = dwarf;
				DEVELOPMENT_TEAM = RYU9PYL8AK;
				ENABLE_STRICT_OBJC_MSGSEND = YES;
				ENABLE_TESTABILITY = YES;
				ENABLE_USER_SCRIPT_SANDBOXING = YES;
				GCC_C_LANGUAGE_STANDARD = gnu17;
				GCC_DYNAMIC_NO_PIC = NO;
				GCC_NO_COMMON_BLOCKS = YES;
				GCC_OPTIMIZATION_LEVEL = 0;
				GCC_PREPROCESSOR_DEFINITIONS = (
					"DEBUG=1",
					"$(inherited)",
				);
				GCC_WARN_64_TO_32_BIT_CONVERSION = YES;
				GCC_WARN_ABOUT_RETURN_TYPE = YES_ERROR;
				GCC_WARN_UNDECLARED_SELECTOR = YES;
				GCC_WARN_UNINITIALIZED_AUTOS = YES_AGGRESSIVE;
				GCC_WARN_UNUSED_FUNCTION = YES;
				GCC_WARN_UNUSED_VARIABLE = YES;
				IPHONEOS_DEPLOYMENT_TARGET = 18.5;
				LOCALIZATION_PREFERS_STRING_CATALOGS = YES;
				MTL_ENABLE_DEBUG_INFO = INCLUDE_SOURCE;
				MTL_FAST_MATH = YES;
				ONLY_ACTIVE_ARCH = YES;
				SDKROOT = iphoneos;
				SWIFT_ACTIVE_COMPILATION_CONDITIONS = "DEBUG $(inherited)";
				SWIFT_OPTIMIZATION_LEVEL = "-Onone";
			};
			name = Debug;
		};
		E6EBFB2A2E58B78200D57AE3 /* Release */ = {
			isa = XCBuildConfiguration;
			buildSettings = {
				ALWAYS_SEARCH_USER_PATHS = NO;
				ASSETCATALOG_COMPILER_GENERATE_SWIFT_ASSET_SYMBOL_EXTENSIONS = YES;
				CLANG_ANALYZER_NONNULL = YES;
				CLANG_ANALYZER_NUMBER_OBJECT_CONVERSION = YES_AGGRESSIVE;
				CLANG_CXX_LANGUAGE_STANDARD = "gnu++20";
				CLANG_ENABLE_MODULES = YES;
				CLANG_ENABLE_OBJC_ARC = YES;
				CLANG_ENABLE_OBJC_WEAK = YES;
				CLANG_WARN_BLOCK_CAPTURE_AUTORELEASING = YES;
				CLANG_WARN_BOOL_CONVERSION = YES;
				CLANG_WARN_COMMA = YES;
				CLANG_WARN_CONSTANT_CONVERSION = YES;
				CLANG_WARN_DEPRECATED_OBJC_IMPLEMENTATIONS = YES;
				CLANG_WARN_DIRECT_OBJC_ISA_USAGE = YES_ERROR;
				CLANG_WARN_DOCUMENTATION_COMMENTS = YES;
				CLANG_WARN_EMPTY_BODY = YES;
				CLANG_WARN_ENUM_CONVERSION = YES;
				CLANG_WARN_INFINITE_RECURSION = YES;
				CLANG_WARN_INT_CONVERSION = YES;
				CLANG_WARN_NON_LITERAL_NULL_CONVERSION = YES;
				CLANG_WARN_OBJC_IMPLICIT_RETAIN_SELF = YES;
				CLANG_WARN_OBJC_LITERAL_CONVERSION = YES;
				CLANG_WARN_OBJC_ROOT_CLASS = YES_ERROR;
				CLANG_WARN_QUOTED_INCLUDE_IN_FRAMEWORK_HEADER = YES;
				CLANG_WARN_RANGE_LOOP_ANALYSIS = YES;
				CLANG_WARN_STRICT_PROTOTYPES = YES;
				CLANG_WARN_SUSPICIOUS_MOVE = YES;
				CLANG_WARN_UNGUARDED_AVAILABILITY = YES_AGGRESSIVE;
				CLANG_WARN_UNREACHABLE_CODE = YES;
				CLANG_WARN__DUPLICATE_METHOD_MATCH = YES;
				COPY_PHASE_STRIP = NO;
				DEBUG_INFORMATION_FORMAT = "dwarf-with-dsym";
				DEVELOPMENT_TEAM = RYU9PYL8AK;
				ENABLE_NS_ASSERTIONS = NO;
				ENABLE_STRICT_OBJC_MSGSEND = YES;
				ENABLE_USER_SCRIPT_SANDBOXING = YES;
				GCC_C_LANGUAGE_STANDARD = gnu17;
				GCC_NO_COMMON_BLOCKS = YES;
				GCC_WARN_64_TO_32_BIT_CONVERSION = YES;
				GCC_WARN_ABOUT_RETURN_TYPE = YES_ERROR;
				GCC_WARN_UNDECLARED_SELECTOR = YES;
				GCC_WARN_UNINITIALIZED_AUTOS = YES_AGGRESSIVE;
				GCC_WARN_UNUSED_FUNCTION = YES;
				GCC_WARN_UNUSED_VARIABLE = YES;
				IPHONEOS_DEPLOYMENT_TARGET = 18.5;
				LOCALIZATION_PREFERS_STRING_CATALOGS = YES;
				MTL_ENABLE_DEBUG_INFO = NO;
				MTL_FAST_MATH = YES;
				SDKROOT = iphoneos;
				SWIFT_COMPILATION_MODE = wholemodule;
				VALIDATE_PRODUCT = YES;
			};
			name = Release;
		};
		E6EBFB2C2E58B78200D57AE3 /* Debug */ = {
			isa = XCBuildConfiguration;
			buildSettings = {
				ASSETCATALOG_COMPILER_APPICON_NAME = AppIcon;
				ASSETCATALOG_COMPILER_GLOBAL_ACCENT_COLOR_NAME = AccentColor;
				CODE_SIGN_STYLE = Automatic;
				CURRENT_PROJECT_VERSION = 1;
				DEVELOPMENT_TEAM = "";
				ENABLE_PREVIEWS = YES;
				GENERATE_INFOPLIST_FILE = YES;
				INFOPLIST_KEY_UIApplicationSceneManifest_Generation = YES;
				INFOPLIST_KEY_UIApplicationSupportsIndirectInputEvents = YES;
				INFOPLIST_KEY_UILaunchScreen_Generation = YES;
				INFOPLIST_KEY_UISupportedInterfaceOrientations_iPad = "UIInterfaceOrientationPortrait UIInterfaceOrientationPortraitUpsideDown UIInterfaceOrientationLandscapeLeft UIInterfaceOrientationLandscapeRight";
				INFOPLIST_KEY_UISupportedInterfaceOrientations_iPhone = "UIInterfaceOrientationPortrait UIInterfaceOrientationLandscapeLeft UIInterfaceOrientationLandscapeRight";
				LD_RUNPATH_SEARCH_PATHS = (
					"$(inherited)",
					"@executable_path/Frameworks",
				);
				MARKETING_VERSION = 1.0;
				PRODUCT_BUNDLE_IDENTIFIER = com.bassaletti.ListRowEdit;
				PRODUCT_NAME = "$(TARGET_NAME)";
				SWIFT_EMIT_LOC_STRINGS = YES;
				SWIFT_VERSION = 5.0;
				TARGETED_DEVICE_FAMILY = "1,2";
			};
			name = Debug;
		};
		E6EBFB2D2E58B78200D57AE3 /* Release */ = {
			isa = XCBuildConfiguration;
			buildSettings = {
				ASSETCATALOG_COMPILER_APPICON_NAME = AppIcon;
				ASSETCATALOG_COMPILER_GLOBAL_ACCENT_COLOR_NAME = AccentColor;
				CODE_SIGN_STYLE = Automatic;
				CURRENT_PROJECT_VERSION = 1;
				DEVELOPMENT_TEAM = "";
				ENABLE_PREVIEWS = YES;
				GENERATE_INFOPLIST_FILE = YES;
				INFOPLIST_KEY_UIApplicationSceneManifest_Generation = YES;
				INFOPLIST_KEY_UIApplicationSupportsIndirectInputEvents = YES;
				INFOPLIST_KEY_UILaunchScreen_Generation = YES;
				INFOPLIST_KEY_UISupportedInterfaceOrientations_iPad = "UIInterfaceOrientationPortrait UIInterfaceOrientationPortraitUpsideDown UIInterfaceOrientationLandscapeLeft UIInterfaceOrientationLandscapeRight";
				INFOPLIST_KEY_UISupportedInterfaceOrientations_iPhone = "UIInterfaceOrientationPortrait UIInterfaceOrientationLandscapeLeft UIInterfaceOrientationLandscapeRight";
				LD_RUNPATH_SEARCH_PATHS = (
					"$(inherited)",
					"@executable_path/Frameworks",
				);
				MARKETING_VERSION = 1.0;
				PRODUCT_BUNDLE_IDENTIFIER = com.bassaletti.ListRowEdit;
				PRODUCT_NAME = "$(TARGET_NAME)";
				SWIFT_EMIT_LOC_STRINGS = YES;
				SWIFT_VERSION = 5.0;
				TARGETED_DEVICE_FAMILY = "1,2";
			};
			name = Release;
		};
		E6EBFB2F2E58B78200D57AE3 /* Debug */ = {
			isa = XCBuildConfiguration;
			buildSettings = {
				BUNDLE_LOADER = "$(TEST_HOST)";
				CODE_SIGN_STYLE = Automatic;
				CURRENT_PROJECT_VERSION = 1;
				DEVELOPMENT_TEAM = RYU9PYL8AK;
				GENERATE_INFOPLIST_FILE = YES;
				IPHONEOS_DEPLOYMENT_TARGET = 18.5;
				MARKETING_VERSION = 1.0;
				PRODUCT_BUNDLE_IDENTIFIER = com.bassaletti.ListRowEditTests;
				PRODUCT_NAME = "$(TARGET_NAME)";
				SWIFT_EMIT_LOC_STRINGS = NO;
				SWIFT_VERSION = 5.0;
				TARGETED_DEVICE_FAMILY = "1,2";
				TEST_HOST = "$(BUILT_PRODUCTS_DIR)/ListRowEdit.app/$(BUNDLE_EXECUTABLE_FOLDER_PATH)/ListRowEdit";
			};
			name = Debug;
		};
		E6EBFB302E58B78200D57AE3 /* Release */ = {
			isa = XCBuildConfiguration;
			buildSettings = {
				BUNDLE_LOADER = "$(TEST_HOST)";
				CODE_SIGN_STYLE = Automatic;
				CURRENT_PROJECT_VERSION = 1;
				DEVELOPMENT_TEAM = RYU9PYL8AK;
				GENERATE_INFOPLIST_FILE = YES;
				IPHONEOS_DEPLOYMENT_TARGET = 18.5;
				MARKETING_VERSION = 1.0;
				PRODUCT_BUNDLE_IDENTIFIER = com.bassaletti.ListRowEditTests;
				PRODUCT_NAME = "$(TARGET_NAME)";
				SWIFT_EMIT_LOC_STRINGS = NO;
				SWIFT_VERSION = 5.0;
				TARGETED_DEVICE_FAMILY = "1,2";
				TEST_HOST = "$(BUILT_PRODUCTS_DIR)/ListRowEdit.app/$(BUNDLE_EXECUTABLE_FOLDER_PATH)/ListRowEdit";
			};
			name = Release;
		};
		E6EBFB322E58B78200D57AE3 /* Debug */ = {
			isa = XCBuildConfiguration;
			buildSettings = {
				CODE_SIGN_STYLE = Automatic;
				CURRENT_PROJECT_VERSION = 1;
				DEVELOPMENT_TEAM = RYU9PYL8AK;
				GENERATE_INFOPLIST_FILE = YES;
				MARKETING_VERSION = 1.0;
				PRODUCT_BUNDLE_IDENTIFIER = com.bassaletti.ListRowEditUITests;
				PRODUCT_NAME = "$(TARGET_NAME)";
				SWIFT_EMIT_LOC_STRINGS = NO;
				SWIFT_VERSION = 5.0;
				TARGETED_DEVICE_FAMILY = "1,2";
				TEST_TARGET_NAME = ListRowEdit;
			};
			name = Debug;
		};
		E6EBFB332E58B78200D57AE3 /* Release */ = {
			isa = XCBuildConfiguration;
			buildSettings = {
				CODE_SIGN_STYLE = Automatic;
				CURRENT_PROJECT_VERSION = 1;
				DEVELOPMENT_TEAM = RYU9PYL8AK;
				GENERATE_INFOPLIST_FILE = YES;
				MARKETING_VERSION = 1.0;
				PRODUCT_BUNDLE_IDENTIFIER = com.bassaletti.ListRowEditUITests;
				PRODUCT_NAME = "$(TARGET_NAME)";
				SWIFT_EMIT_LOC_STRINGS = NO;
				SWIFT_VERSION = 5.0;
				TARGETED_DEVICE_FAMILY = "1,2";
				TEST_TARGET_NAME = ListRowEdit;
			};
			name = Release;
		};
/* End XCBuildConfiguration section */

/* Begin XCConfigurationList section */
		E6EBFB052E58B78200D57AE3 /* Build configuration list for PBXProject "ListRowEdit" */ = {
			isa = XCConfigurationList;
			buildConfigurations = (
				E6EBFB292E58B78200D57AE3 /* Debug */,
				E6EBFB2A2E58B78200D57AE3 /* Release */,
			);
			defaultConfigurationIsVisible = 0;
			defaultConfigurationName = Release;
		};
		E6EBFB2B2E58B78200D57AE3 /* Build configuration list for PBXNativeTarget "ListRowEdit" */ = {
			isa = XCConfigurationList;
			buildConfigurations = (
				E6EBFB2C2E58B78200D57AE3 /* Debug */,
				E6EBFB2D2E58B78200D57AE3 /* Release */,
			);
			defaultConfigurationIsVisible = 0;
			defaultConfigurationName = Release;
		};
		E6EBFB2E2E58B78200D57AE3 /* Build configuration list for PBXNativeTarget "ListRowEditTests" */ = {
			isa = XCConfigurationList;
			buildConfigurations = (
				E6EBFB2F2E58B78200D57AE3 /* Debug */,
				E6EBFB302E58B78200D57AE3 /* Release */,
			);
			defaultConfigurationIsVisible = 0;
			defaultConfigurationName = Release;
		};
		E6EBFB312E58B78200D57AE3 /* Build configuration list for PBXNativeTarget "ListRowEditUITests" */ = {
			isa = XCConfigurationList;
			buildConfigurations = (
				E6EBFB322E58B78200D57AE3 /* Debug */,
				E6EBFB332E58B78200D57AE3 /* Release */,
			);
			defaultConfigurationIsVisible = 0;
			defaultConfigurationName = Release;
		};
/* End XCConfigurationList section */
	};
	rootObject = E6EBFB022E58B78200D57AE3 /* Project object */;
}
